
Microsoft Visual Studio Solution File, Format Version 12.00
# Visual Studio Version 16
VisualStudioVersion = 16.0.30611.23
MinimumVisualStudioVersion = 10.0.40219.1
Project("{8BC9CEB8-8B4A-11D0-8D11-00A0C91BC942}") = "14th", "14th\14th.vcxproj", "{24C4A7C0-4E5E-4ED0-9040-89272E166529}"
EndProject
Global
	GlobalSection(SolutionConfigurationPlatforms) = preSolution
		Debug|x64 = Debug|x64
		Debug|x86 = Debug|x86
		Release|x64 = Release|x64
		Release|x86 = Release|x86
	EndGlobalSection
	GlobalSection(ProjectConfigurationPlatforms) = postSolution
		{24C4A7C0-4E5E-4ED0-9040-89272E166529}.Debug|x64.ActiveCfg = Debug|x64
		{24C4A7C0-4E5E-4ED0-9040-89272E166529}.Debug|x64.Build.0 = Debug|x64
		{24C4A7C0-4E5E-4ED0-9040-89272E166529}.Debug|x86.ActiveCfg = Debug|Win32
		{24C4A7C0-4E5E-4ED0-9040-89272E166529}.Debug|x86.Build.0 = Debug|Win32
		{24C4A7C0-4E5E-4ED0-9040-89272E166529}.Release|x64.ActiveCfg = Release|x64
		{24C4A7C0-4E5E-4ED0-9040-89272E166529}.Release|x64.Build.0 = Release|x64
		{24C4A7C0-4E5E-4ED0-9040-89272E166529}.Release|x86.ActiveCfg = Release|Win32
		{24C4A7C0-4E5E-4ED0-9040-89272E166529}.Release|x86.Build.0 = Release|Win32
	EndGlobalSection
	GlobalSection(SolutionProperties) = preSolution
		HideSolutionNode = FALSE
	EndGlobalSection
	GlobalSection(ExtensibilityGlobals) = postSolution
		SolutionGuid = {EC35E4B1-F878-4BDA-B13C-3C2940A649AF}
	EndGlobalSection
EndGlobal
