
Microsoft Visual Studio Solution File, Format Version 12.00
# Visual Studio Version 16
VisualStudioVersion = 16.0.30611.23
MinimumVisualStudioVersion = 10.0.40219.1
Project("{8BC9CEB8-8B4A-11D0-8D11-00A0C91BC942}") = "7th", "7th\7th.vcxproj", "{3B1843FB-E506-4FDC-9931-53F5A9A3A9E3}"
EndProject
Global
	GlobalSection(SolutionConfigurationPlatforms) = preSolution
		Debug|x64 = Debug|x64
		Debug|x86 = Debug|x86
		Release|x64 = Release|x64
		Release|x86 = Release|x86
	EndGlobalSection
	GlobalSection(ProjectConfigurationPlatforms) = postSolution
		{3B1843FB-E506-4FDC-9931-53F5A9A3A9E3}.Debug|x64.ActiveCfg = Debug|x64
		{3B1843FB-E506-4FDC-9931-53F5A9A3A9E3}.Debug|x64.Build.0 = Debug|x64
		{3B1843FB-E506-4FDC-9931-53F5A9A3A9E3}.Debug|x86.ActiveCfg = Debug|Win32
		{3B1843FB-E506-4FDC-9931-53F5A9A3A9E3}.Debug|x86.Build.0 = Debug|Win32
		{3B1843FB-E506-4FDC-9931-53F5A9A3A9E3}.Release|x64.ActiveCfg = Release|x64
		{3B1843FB-E506-4FDC-9931-53F5A9A3A9E3}.Release|x64.Build.0 = Release|x64
		{3B1843FB-E506-4FDC-9931-53F5A9A3A9E3}.Release|x86.ActiveCfg = Release|Win32
		{3B1843FB-E506-4FDC-9931-53F5A9A3A9E3}.Release|x86.Build.0 = Release|Win32
	EndGlobalSection
	GlobalSection(SolutionProperties) = preSolution
		HideSolutionNode = FALSE
	EndGlobalSection
	GlobalSection(ExtensibilityGlobals) = postSolution
		SolutionGuid = {88E84061-C8C7-4FED-A82D-78DE5D148A6D}
	EndGlobalSection
EndGlobal
